// !$*UTF8*$!
{
	archiveVersion = 1;
	classes = {
	};
	objectVersion = 46;
	objects = {

/* Begin PBXBuildFile section */
		3AB2FFE61BD12351001D8DA8 /* AppDelegate.swift in Sources */ = {isa = PBXBuildFile; fileRef = 3AB2FFE51BD12351001D8DA8 /* AppDelegate.swift */; };
		3AB2FFE81BD12351001D8DA8 /* ViewController.swift in Sources */ = {isa = PBXBuildFile; fileRef = 3AB2FFE71BD12351001D8DA8 /* ViewController.swift */; };
		3AB2FFEB1BD12351001D8DA8 /* Main.storyboard in Resources */ = {isa = PBXBuildFile; fileRef = 3AB2FFE91BD12351001D8DA8 /* Main.storyboard */; };
		3AB2FFED1BD12351001D8DA8 /* Assets.xcassets in Resources */ = {isa = PBXBuildFile; fileRef = 3AB2FFEC1BD12351001D8DA8 /* Assets.xcassets */; };
		3AB2FFF01BD12351001D8DA8 /* LaunchScreen.storyboard in Resources */ = {isa = PBXBuildFile; fileRef = 3AB2FFEE1BD12351001D8DA8 /* LaunchScreen.storyboard */; };
		75E2EF6221F0D3F3006246F6 /* SCLFlicManagerSimulator.m in Sources */ = {isa = PBXBuildFile; fileRef = 75E2EF5D21F0D3F3006246F6 /* SCLFlicManagerSimulator.m */; };
		75E2EF6321F0D3F3006246F6 /* SCLFlicButtonSimulator.m in Sources */ = {isa = PBXBuildFile; fileRef = 75E2EF6021F0D3F3006246F6 /* SCLFlicButtonSimulator.m */; };
		75E2EF6421F0D421006246F6 /* fliclib.framework in Frameworks */ = {isa = PBXBuildFile; fileRef = 3AB2FFF71BD13A28001D8DA8 /* fliclib.framework */; };
		75E2EF6521F0D421006246F6 /* fliclib.framework in Embed Frameworks */ = {isa = PBXBuildFile; fileRef = 3AB2FFF71BD13A28001D8DA8 /* fliclib.framework */; settings = {ATTRIBUTES = (CodeSignOnCopy, RemoveHeadersOnCopy, ); }; };
/* End PBXBuildFile section */

/* Begin PBXCopyFilesBuildPhase section */
		75E2EF6621F0D421006246F6 /* Embed Frameworks */ = {
			isa = PBXCopyFilesBuildPhase;
			buildActionMask = 2147483647;
			dstPath = "";
			dstSubfolderSpec = 10;
			files = (
				75E2EF6521F0D421006246F6 /* fliclib.framework in Embed Frameworks */,
			);
			name = "Embed Frameworks";
			runOnlyForDeploymentPostprocessing = 0;
		};
/* End PBXCopyFilesBuildPhase section */

/* Begin PBXFileReference section */
		3AB2FFE21BD12351001D8DA8 /* ios-boilerplate-swift.app */ = {isa = PBXFileReference; explicitFileType = wrapper.application; includeInIndex = 0; path = "ios-boilerplate-swift.app"; sourceTree = BUILT_PRODUCTS_DIR; };
		3AB2FFE51BD12351001D8DA8 /* AppDelegate.swift */ = {isa = PBXFileReference; lastKnownFileType = sourcecode.swift; path = AppDelegate.swift; sourceTree = "<group>"; };
		3AB2FFE71BD12351001D8DA8 /* ViewController.swift */ = {isa = PBXFileReference; lastKnownFileType = sourcecode.swift; path = ViewController.swift; sourceTree = "<group>"; };
		3AB2FFEA1BD12351001D8DA8 /* Base */ = {isa = PBXFileReference; lastKnownFileType = file.storyboard; name = Base; path = Base.lproj/Main.storyboard; sourceTree = "<group>"; };
		3AB2FFEC1BD12351001D8DA8 /* Assets.xcassets */ = {isa = PBXFileReference; lastKnownFileType = folder.assetcatalog; path = Assets.xcassets; sourceTree = "<group>"; };
		3AB2FFEF1BD12351001D8DA8 /* Base */ = {isa = PBXFileReference; lastKnownFileType = file.storyboard; name = Base; path = Base.lproj/LaunchScreen.storyboard; sourceTree = "<group>"; };
		3AB2FFF11BD12351001D8DA8 /* Info.plist */ = {isa = PBXFileReference; lastKnownFileType = text.plist.xml; path = Info.plist; sourceTree = "<group>"; };
		3AB2FFF71BD13A28001D8DA8 /* fliclib.framework */ = {isa = PBXFileReference; lastKnownFileType = wrapper.framework; name = fliclib.framework; path = "fliclib-ios/fliclib.framework"; sourceTree = "<group>"; };
		3AB2FFFB1BD13B22001D8DA8 /* ios-boilerplate-swift-Bridging-Header.h */ = {isa = PBXFileReference; lastKnownFileType = sourcecode.c.h; path = "ios-boilerplate-swift-Bridging-Header.h"; sourceTree = "<group>"; };
		75E2EF5D21F0D3F3006246F6 /* SCLFlicManagerSimulator.m */ = {isa = PBXFileReference; fileEncoding = 4; lastKnownFileType = sourcecode.c.objc; path = SCLFlicManagerSimulator.m; sourceTree = "<group>"; };
		75E2EF5E21F0D3F3006246F6 /* SCLFlicButtonSimulator.h */ = {isa = PBXFileReference; fileEncoding = 4; lastKnownFileType = sourcecode.c.h; path = SCLFlicButtonSimulator.h; sourceTree = "<group>"; };
		75E2EF5F21F0D3F3006246F6 /* SCLFlicManagerSimulator.h */ = {isa = PBXFileReference; fileEncoding = 4; lastKnownFileType = sourcecode.c.h; path = SCLFlicManagerSimulator.h; sourceTree = "<group>"; };
		75E2EF6021F0D3F3006246F6 /* SCLFlicButtonSimulator.m */ = {isa = PBXFileReference; fileEncoding = 4; lastKnownFileType = sourcecode.c.objc; path = SCLFlicButtonSimulator.m; sourceTree = "<group>"; };
		75E2EF6121F0D3F3006246F6 /* fliclibWrapper.h */ = {isa = PBXFileReference; fileEncoding = 4; lastKnownFileType = sourcecode.c.h; path = fliclibWrapper.h; sourceTree = "<group>"; };
/* End PBXFileReference section */

/* Begin PBXFrameworksBuildPhase section */
		3AB2FFDF1BD12351001D8DA8 /* Frameworks */ = {
			isa = PBXFrameworksBuildPhase;
			buildActionMask = 2147483647;
			files = (
				75E2EF6421F0D421006246F6 /* fliclib.framework in Frameworks */,
			);
			runOnlyForDeploymentPostprocessing = 0;
		};
/* End PBXFrameworksBuildPhase section */

/* Begin PBXGroup section */
		3AB2FFD91BD12351001D8DA8 = {
			isa = PBXGroup;
			children = (
				75E2EF5C21F0D3F3006246F6 /* simulator-wrapper */,
				3AB2FFF71BD13A28001D8DA8 /* fliclib.framework */,
				3AB2FFE41BD12351001D8DA8 /* ios-boilerplate-swift */,
				3AB2FFE31BD12351001D8DA8 /* Products */,
			);
			sourceTree = "<group>";
		};
		3AB2FFE31BD12351001D8DA8 /* Products */ = {
			isa = PBXGroup;
			children = (
				3AB2FFE21BD12351001D8DA8 /* ios-boilerplate-swift.app */,
			);
			name = Products;
			sourceTree = "<group>";
		};
		3AB2FFE41BD12351001D8DA8 /* ios-boilerplate-swift */ = {
			isa = PBXGroup;
			children = (
				3AB2FFE51BD12351001D8DA8 /* AppDelegate.swift */,
				3AB2FFE71BD12351001D8DA8 /* ViewController.swift */,
				3AB2FFE91BD12351001D8DA8 /* Main.storyboard */,
				3AB2FFEC1BD12351001D8DA8 /* Assets.xcassets */,
				3AB2FFEE1BD12351001D8DA8 /* LaunchScreen.storyboard */,
				3AB2FFF11BD12351001D8DA8 /* Info.plist */,
				3AB2FFFB1BD13B22001D8DA8 /* ios-boilerplate-swift-Bridging-Header.h */,
			);
			path = "ios-boilerplate-swift";
			sourceTree = "<group>";
		};
		75E2EF5C21F0D3F3006246F6 /* simulator-wrapper */ = {
			isa = PBXGroup;
			children = (
				75E2EF5D21F0D3F3006246F6 /* SCLFlicManagerSimulator.m */,
				75E2EF5E21F0D3F3006246F6 /* SCLFlicButtonSimulator.h */,
				75E2EF5F21F0D3F3006246F6 /* SCLFlicManagerSimulator.h */,
				75E2EF6021F0D3F3006246F6 /* SCLFlicButtonSimulator.m */,
				75E2EF6121F0D3F3006246F6 /* fliclibWrapper.h */,
			);
			name = "simulator-wrapper";
			path = "fliclib-ios/simulator-wrapper";
			sourceTree = "<group>";
		};
/* End PBXGroup section */

/* Begin PBXNativeTarget section */
		3AB2FFE11BD12351001D8DA8 /* ios-boilerplate-swift */ = {
			isa = PBXNativeTarget;
			buildConfigurationList = 3AB2FFF41BD12351001D8DA8 /* Build configuration list for PBXNativeTarget "ios-boilerplate-swift" */;
			buildPhases = (
				3AB2FFDE1BD12351001D8DA8 /* Sources */,
				3AB2FFDF1BD12351001D8DA8 /* Frameworks */,
				3AB2FFE01BD12351001D8DA8 /* Resources */,
				75E2EF6621F0D421006246F6 /* Embed Frameworks */,
			);
			buildRules = (
			);
			dependencies = (
			);
			name = "ios-boilerplate-swift";
			productName = "ios-boilerplate-swift";
			productReference = 3AB2FFE21BD12351001D8DA8 /* ios-boilerplate-swift.app */;
			productType = "com.apple.product-type.application";
		};
/* End PBXNativeTarget section */

/* Begin PBXProject section */
		3AB2FFDA1BD12351001D8DA8 /* Project object */ = {
			isa = PBXProject;
			attributes = {
				LastSwiftUpdateCheck = 0700;
				LastUpgradeCheck = 1010;
				ORGANIZATIONNAME = "Anton Meier";
				TargetAttributes = {
					3AB2FFE11BD12351001D8DA8 = {
						CreatedOnToolsVersion = 7.0;
						DevelopmentTeam = J676M46HZA;
						LastSwiftMigration = 1010;
					};
				};
			};
			buildConfigurationList = 3AB2FFDD1BD12351001D8DA8 /* Build configuration list for PBXProject "ios-boilerplate-swift" */;
			compatibilityVersion = "Xcode 3.2";
			developmentRegion = English;
			hasScannedForEncodings = 0;
			knownRegions = (
				en,
				Base,
			);
			mainGroup = 3AB2FFD91BD12351001D8DA8;
			productRefGroup = 3AB2FFE31BD12351001D8DA8 /* Products */;
			projectDirPath = "";
			projectRoot = "";
			targets = (
				3AB2FFE11BD12351001D8DA8 /* ios-boilerplate-swift */,
			);
		};
/* End PBXProject section */

/* Begin PBXResourcesBuildPhase section */
		3AB2FFE01BD12351001D8DA8 /* Resources */ = {
			isa = PBXResourcesBuildPhase;
			buildActionMask = 2147483647;
			files = (
				3AB2FFF01BD12351001D8DA8 /* LaunchScreen.storyboard in Resources */,
				3AB2FFED1BD12351001D8DA8 /* Assets.xcassets in Resources */,
				3AB2FFEB1BD12351001D8DA8 /* Main.storyboard in Resources */,
			);
			runOnlyForDeploymentPostprocessing = 0;
		};
/* End PBXResourcesBuildPhase section */

/* Begin PBXSourcesBuildPhase section */
		3AB2FFDE1BD12351001D8DA8 /* Sources */ = {
			isa = PBXSourcesBuildPhase;
			buildActionMask = 2147483647;
			files = (
				75E2EF6221F0D3F3006246F6 /* SCLFlicManagerSimulator.m in Sources */,
				3AB2FFE81BD12351001D8DA8 /* ViewController.swift in Sources */,
				3AB2FFE61BD12351001D8DA8 /* AppDelegate.swift in Sources */,
				75E2EF6321F0D3F3006246F6 /* SCLFlicButtonSimulator.m in Sources */,
			);
			runOnlyForDeploymentPostprocessing = 0;
		};
/* End PBXSourcesBuildPhase section */

/* Begin PBXVariantGroup section */
		3AB2FFE91BD12351001D8DA8 /* Main.storyboard */ = {
			isa = PBXVariantGroup;
			children = (
				3AB2FFEA1BD12351001D8DA8 /* Base */,
			);
			name = Main.storyboard;
			sourceTree = "<group>";
		};
		3AB2FFEE1BD12351001D8DA8 /* LaunchScreen.storyboard */ = {
			isa = PBXVariantGroup;
			children = (
				3AB2FFEF1BD12351001D8DA8 /* Base */,
			);
			name = LaunchScreen.storyboard;
			sourceTree = "<group>";
		};
/* End PBXVariantGroup section */

/* Begin XCBuildConfiguration section */
		3AB2FFF21BD12351001D8DA8 /* Debug */ = {
			isa = XCBuildConfiguration;
			buildSettings = {
				ALWAYS_SEARCH_USER_PATHS = NO;
				CLANG_CXX_LANGUAGE_STANDARD = "gnu++0x";
				CLANG_CXX_LIBRARY = "libc++";
				CLANG_ENABLE_MODULES = YES;
				CLANG_ENABLE_OBJC_ARC = YES;
				CLANG_WARN_BLOCK_CAPTURE_AUTORELEASING = YES;
				CLANG_WARN_BOOL_CONVERSION = YES;
				CLANG_WARN_COMMA = YES;
				CLANG_WARN_CONSTANT_CONVERSION = YES;
				CLANG_WARN_DEPRECATED_OBJC_IMPLEMENTATIONS = YES;
				CLANG_WARN_DIRECT_OBJC_ISA_USAGE = YES_ERROR;
				CLANG_WARN_EMPTY_BODY = YES;
				CLANG_WARN_ENUM_CONVERSION = YES;
				CLANG_WARN_INFINITE_RECURSION = YES;
				CLANG_WARN_INT_CONVERSION = YES;
				CLANG_WARN_NON_LITERAL_NULL_CONVERSION = YES;
				CLANG_WARN_OBJC_IMPLICIT_RETAIN_SELF = YES;
				CLANG_WARN_OBJC_LITERAL_CONVERSION = YES;
				CLANG_WARN_OBJC_ROOT_CLASS = YES_ERROR;
				CLANG_WARN_RANGE_LOOP_ANALYSIS = YES;
				CLANG_WARN_STRICT_PROTOTYPES = YES;
				CLANG_WARN_SUSPICIOUS_MOVE = YES;
				CLANG_WARN_UNREACHABLE_CODE = YES;
				CLANG_WARN__DUPLICATE_METHOD_MATCH = YES;
				"CODE_SIGN_IDENTITY[sdk=iphoneos*]" = "iPhone Developer";
				COPY_PHASE_STRIP = NO;
				DEBUG_INFORMATION_FORMAT = dwarf;
				ENABLE_STRICT_OBJC_MSGSEND = YES;
				ENABLE_TESTABILITY = YES;
				GCC_C_LANGUAGE_STANDARD = gnu99;
				GCC_DYNAMIC_NO_PIC = NO;
				GCC_NO_COMMON_BLOCKS = YES;
				GCC_OPTIMIZATION_LEVEL = 0;
				GCC_PREPROCESSOR_DEFINITIONS = (
					"DEBUG=1",
					"$(inherited)",
				);
				GCC_WARN_64_TO_32_BIT_CONVERSION = YES;
				GCC_WARN_ABOUT_RETURN_TYPE = YES_ERROR;
				GCC_WARN_UNDECLARED_SELECTOR = YES;
				GCC_WARN_UNINITIALIZED_AUTOS = YES_AGGRESSIVE;
				GCC_WARN_UNUSED_FUNCTION = YES;
				GCC_WARN_UNUSED_VARIABLE = YES;
				IPHONEOS_DEPLOYMENT_TARGET = 10.3;
				MTL_ENABLE_DEBUG_INFO = YES;
				ONLY_ACTIVE_ARCH = YES;
				SDKROOT = iphoneos;
				SWIFT_OPTIMIZATION_LEVEL = "-Onone";
				TARGETED_DEVICE_FAMILY = "1,2";
			};
			name = Debug;
		};
		3AB2FFF31BD12351001D8DA8 /* Release */ = {
			isa = XCBuildConfiguration;
			buildSettings = {
				ALWAYS_SEARCH_USER_PATHS = NO;
				CLANG_CXX_LANGUAGE_STANDARD = "gnu++0x";
				CLANG_CXX_LIBRARY = "libc++";
				CLANG_ENABLE_MODULES = YES;
				CLANG_ENABLE_OBJC_ARC = YES;
				CLANG_WARN_BLOCK_CAPTURE_AUTORELEASING = YES;
				CLANG_WARN_BOOL_CONVERSION = YES;
				CLANG_WARN_COMMA = YES;
				CLANG_WARN_CONSTANT_CONVERSION = YES;
				CLANG_WARN_DEPRECATED_OBJC_IMPLEMENTATIONS = YES;
				CLANG_WARN_DIRECT_OBJC_ISA_USAGE = YES_ERROR;
				CLANG_WARN_EMPTY_BODY = YES;
				CLANG_WARN_ENUM_CONVERSION = YES;
				CLANG_WARN_INFINITE_RECURSION = YES;
				CLANG_WARN_INT_CONVERSION = YES;
				CLANG_WARN_NON_LITERAL_NULL_CONVERSION = YES;
				CLANG_WARN_OBJC_IMPLICIT_RETAIN_SELF = YES;
				CLANG_WARN_OBJC_LITERAL_CONVERSION = YES;
				CLANG_WARN_OBJC_ROOT_CLASS = YES_ERROR;
				CLANG_WARN_RANGE_LOOP_ANALYSIS = YES;
				CLANG_WARN_STRICT_PROTOTYPES = YES;
				CLANG_WARN_SUSPICIOUS_MOVE = YES;
				CLANG_WARN_UNREACHABLE_CODE = YES;
				CLANG_WARN__DUPLICATE_METHOD_MATCH = YES;
				"CODE_SIGN_IDENTITY[sdk=iphoneos*]" = "iPhone Developer";
				COPY_PHASE_STRIP = NO;
				DEBUG_INFORMATION_FORMAT = "dwarf-with-dsym";
				ENABLE_NS_ASSERTIONS = NO;
				ENABLE_STRICT_OBJC_MSGSEND = YES;
				GCC_C_LANGUAGE_STANDARD = gnu99;
				GCC_NO_COMMON_BLOCKS = YES;
				GCC_WARN_64_TO_32_BIT_CONVERSION = YES;
				GCC_WARN_ABOUT_RETURN_TYPE = YES_ERROR;
				GCC_WARN_UNDECLARED_SELECTOR = YES;
				GCC_WARN_UNINITIALIZED_AUTOS = YES_AGGRESSIVE;
				GCC_WARN_UNUSED_FUNCTION = YES;
				GCC_WARN_UNUSED_VARIABLE = YES;
				IPHONEOS_DEPLOYMENT_TARGET = 10.3;
				MTL_ENABLE_DEBUG_INFO = NO;
				SDKROOT = iphoneos;
				SWIFT_COMPILATION_MODE = wholemodule;
				TARGETED_DEVICE_FAMILY = "1,2";
				VALIDATE_PRODUCT = YES;
			};
			name = Release;
		};
		3AB2FFF51BD12351001D8DA8 /* Debug */ = {
			isa = XCBuildConfiguration;
			buildSettings = {
				ASSETCATALOG_COMPILER_APPICON_NAME = AppIcon;
				CLANG_ALLOW_NON_MODULAR_INCLUDES_IN_FRAMEWORK_MODULES = YES;
				CLANG_ENABLE_MODULES = YES;
				DEVELOPMENT_TEAM = J676M46HZA;
				FRAMEWORK_SEARCH_PATHS = (
					"$(inherited)",
					"$(PROJECT_DIR)/fliclib-ios",
				);
				INFOPLIST_FILE = "ios-boilerplate-swift/Info.plist";
				LD_RUNPATH_SEARCH_PATHS = "$(inherited) @executable_path/Frameworks";
				PRODUCT_BUNDLE_IDENTIFIER = "com.shortcutlabs.ios-boilerplate-swift";
				PRODUCT_NAME = "$(TARGET_NAME)";
				SWIFT_OBJC_BRIDGING_HEADER = "ios-boilerplate-swift/ios-boilerplate-swift-Bridging-Header.h";
				SWIFT_OPTIMIZATION_LEVEL = "-Onone";
				SWIFT_SWIFT3_OBJC_INFERENCE = Default;
				SWIFT_VERSION = 4.2;
			};
			name = Debug;
		};
		3AB2FFF61BD12351001D8DA8 /* Release */ = {
			isa = XCBuildConfiguration;
			buildSettings = {
				ASSETCATALOG_COMPILER_APPICON_NAME = AppIcon;
				CLANG_ALLOW_NON_MODULAR_INCLUDES_IN_FRAMEWORK_MODULES = YES;
				CLANG_ENABLE_MODULES = YES;
				DEVELOPMENT_TEAM = J676M46HZA;
				FRAMEWORK_SEARCH_PATHS = (
					"$(inherited)",
					"$(PROJECT_DIR)/fliclib-ios",
				);
				INFOPLIST_FILE = "ios-boilerplate-swift/Info.plist";
				LD_RUNPATH_SEARCH_PATHS = "$(inherited) @executable_path/Frameworks";
				PRODUCT_BUNDLE_IDENTIFIER = "com.shortcutlabs.ios-boilerplate-swift";
				PRODUCT_NAME = "$(TARGET_NAME)";
				SWIFT_OBJC_BRIDGING_HEADER = "ios-boilerplate-swift/ios-boilerplate-swift-Bridging-Header.h";
				SWIFT_SWIFT3_OBJC_INFERENCE = Default;
				SWIFT_VERSION = 4.2;
			};
			name = Release;
		};
/* End XCBuildConfiguration section */

/* Begin XCConfigurationList section */
		3AB2FFDD1BD12351001D8DA8 /* Build configuration list for PBXProject "ios-boilerplate-swift" */ = {
			isa = XCConfigurationList;
			buildConfigurations = (
				3AB2FFF21BD12351001D8DA8 /* Debug */,
				3AB2FFF31BD12351001D8DA8 /* Release */,
			);
			defaultConfigurationIsVisible = 0;
			defaultConfigurationName = Release;
		};
		3AB2FFF41BD12351001D8DA8 /* Build configuration list for PBXNativeTarget "ios-boilerplate-swift" */ = {
			isa = XCConfigurationList;
			buildConfigurations = (
				3AB2FFF51BD12351001D8DA8 /* Debug */,
				3AB2FFF61BD12351001D8DA8 /* Release */,
			);
			defaultConfigurationIsVisible = 0;
			defaultConfigurationName = Release;
		};
/* End XCConfigurationList section */
	};
	rootObject = 3AB2FFDA1BD12351001D8DA8 /* Project object */;
}
